
Microsoft Visual Studio Solution File, Format Version 12.00
# Visual Studio Version 17
VisualStudioVersion = 17.5.002.0
MinimumVisualStudioVersion = 10.0.40219.1
Project("{9A19103F-16F7-4668-BE54-9A1E7A4F7556}") = "mis221-pa5-N8PMIS", "mis221-pa5-N8PMIS.csproj", "{D26B187E-5A37-413A-8642-9373983D0F66}"
EndProject
Global
	GlobalSection(SolutionConfigurationPlatforms) = preSolution
		Debug|Any CPU = Debug|Any CPU
		Release|Any CPU = Release|Any CPU
	EndGlobalSection
	GlobalSection(ProjectConfigurationPlatforms) = postSolution
		{D26B187E-5A37-413A-8642-9373983D0F66}.Debug|Any CPU.ActiveCfg = Debug|Any CPU
		{D26B187E-5A37-413A-8642-9373983D0F66}.Debug|Any CPU.Build.0 = Debug|Any CPU
		{D26B187E-5A37-413A-8642-9373983D0F66}.Release|Any CPU.ActiveCfg = Release|Any CPU
		{D26B187E-5A37-413A-8642-9373983D0F66}.Release|Any CPU.Build.0 = Release|Any CPU
	EndGlobalSection
	GlobalSection(SolutionProperties) = preSolution
		HideSolutionNode = FALSE
	EndGlobalSection
	GlobalSection(ExtensibilityGlobals) = postSolution
		SolutionGuid = {6B7CADB2-CB55-4A92-9DA9-0A71C1F560D1}
	EndGlobalSection
EndGlobal
